// !$*UTF8*$!
{
	archiveVersion = 1;
	classes = {
	};
	objectVersion = 50;
	objects = {

/* Begin PBXBuildFile section */
		A46010562660081C00E95407 /* AppDelegate.swift in Sources */ = {isa = PBXBuildFile; fileRef = A46010552660081C00E95407 /* AppDelegate.swift */; };
		A46010582660081C00E95407 /* SceneDelegate.swift in Sources */ = {isa = PBXBuildFile; fileRef = A46010572660081C00E95407 /* SceneDelegate.swift */; };
		A460105A2660081C00E95407 /* ContentView.swift in Sources */ = {isa = PBXBuildFile; fileRef = A46010592660081C00E95407 /* ContentView.swift */; };
		A460105D2660081C00E95407 /* Todo_App.xcdatamodeld in Sources */ = {isa = PBXBuildFile; fileRef = A460105B2660081C00E95407 /* Todo_App.xcdatamodeld */; };
		A460105F2660082000E95407 /* Assets.xcassets in Resources */ = {isa = PBXBuildFile; fileRef = A460105E2660082000E95407 /* Assets.xcassets */; };
		A46010622660082000E95407 /* Preview Assets.xcassets in Resources */ = {isa = PBXBuildFile; fileRef = A46010612660082000E95407 /* Preview Assets.xcassets */; };
		A46010652660082000E95407 /* LaunchScreen.storyboard in Resources */ = {isa = PBXBuildFile; fileRef = A46010632660082000E95407 /* LaunchScreen.storyboard */; };
		A46010702660087300E95407 /* AddToDoView.swift in Sources */ = {isa = PBXBuildFile; fileRef = A460106F2660087300E95407 /* AddToDoView.swift */; };
		A4A2CB1F2662A381000E1D11 /* Pink Light.png in Resources */ = {isa = PBXBuildFile; fileRef = A4A2CB162662A380000E1D11 /* Pink Light.png */; };
		A4A2CB202662A381000E1D11 /* Pink Dark.png in Resources */ = {isa = PBXBuildFile; fileRef = A4A2CB172662A380000E1D11 /* Pink Dark.png */; };
		A4A2CB212662A381000E1D11 /* Green Dark.png in Resources */ = {isa = PBXBuildFile; fileRef = A4A2CB182662A380000E1D11 /* Green Dark.png */; };
		A4A2CB222662A381000E1D11 /* Pink.png in Resources */ = {isa = PBXBuildFile; fileRef = A4A2CB192662A381000E1D11 /* Pink.png */; };
		A4A2CB232662A381000E1D11 /* Blue Light.png in Resources */ = {isa = PBXBuildFile; fileRef = A4A2CB1A2662A381000E1D11 /* Blue Light.png */; };
		A4A2CB242662A381000E1D11 /* Blue.png in Resources */ = {isa = PBXBuildFile; fileRef = A4A2CB1B2662A381000E1D11 /* Blue.png */; };
		A4A2CB252662A381000E1D11 /* Green Light.png in Resources */ = {isa = PBXBuildFile; fileRef = A4A2CB1C2662A381000E1D11 /* Green Light.png */; };
		A4A2CB262662A381000E1D11 /* Green.png in Resources */ = {isa = PBXBuildFile; fileRef = A4A2CB1D2662A381000E1D11 /* Green.png */; };
		A4A2CB272662A381000E1D11 /* Blue Dark.png in Resources */ = {isa = PBXBuildFile; fileRef = A4A2CB1E2662A381000E1D11 /* Blue Dark.png */; };
		A4A2CB2C2662D943000E1D11 /* ThemeModel.swift in Sources */ = {isa = PBXBuildFile; fileRef = A4A2CB2B2662D943000E1D11 /* ThemeModel.swift */; };
		A4A2CB302662D9BB000E1D11 /* ThemeData.swift in Sources */ = {isa = PBXBuildFile; fileRef = A4A2CB2F2662D9BB000E1D11 /* ThemeData.swift */; };
		A4A2CB332662DA5D000E1D11 /* ThemeSettings.swift in Sources */ = {isa = PBXBuildFile; fileRef = A4A2CB322662DA5D000E1D11 /* ThemeSettings.swift */; };
		A4D40CFD26619F650063F36B /* EmptyListView.swift in Sources */ = {isa = PBXBuildFile; fileRef = A4D40CFC26619F650063F36B /* EmptyListView.swift */; };
		A4D40D002661B0620063F36B /* SettingsView.swift in Sources */ = {isa = PBXBuildFile; fileRef = A4D40CFF2661B0620063F36B /* SettingsView.swift */; };
		A4D40D032661B3D50063F36B /* FormRowStaticView.swift in Sources */ = {isa = PBXBuildFile; fileRef = A4D40D022661B3D50063F36B /* FormRowStaticView.swift */; };
		A4D40D062661B90B0063F36B /* FormRowLinkView.swift in Sources */ = {isa = PBXBuildFile; fileRef = A4D40D052661B90B0063F36B /* FormRowLinkView.swift */; };
/* End PBXBuildFile section */

/* Begin PBXFileReference section */
		A46010522660081C00E95407 /* Todo App.app */ = {isa = PBXFileReference; explicitFileType = wrapper.application; includeInIndex = 0; path = "Todo App.app"; sourceTree = BUILT_PRODUCTS_DIR; };
		A46010552660081C00E95407 /* AppDelegate.swift */ = {isa = PBXFileReference; lastKnownFileType = sourcecode.swift; path = AppDelegate.swift; sourceTree = "<group>"; };
		A46010572660081C00E95407 /* SceneDelegate.swift */ = {isa = PBXFileReference; lastKnownFileType = sourcecode.swift; path = SceneDelegate.swift; sourceTree = "<group>"; };
		A46010592660081C00E95407 /* ContentView.swift */ = {isa = PBXFileReference; lastKnownFileType = sourcecode.swift; path = ContentView.swift; sourceTree = "<group>"; };
		A460105C2660081C00E95407 /* Todo_App.xcdatamodel */ = {isa = PBXFileReference; lastKnownFileType = wrapper.xcdatamodel; path = Todo_App.xcdatamodel; sourceTree = "<group>"; };
		A460105E2660082000E95407 /* Assets.xcassets */ = {isa = PBXFileReference; lastKnownFileType = folder.assetcatalog; path = Assets.xcassets; sourceTree = "<group>"; };
		A46010612660082000E95407 /* Preview Assets.xcassets */ = {isa = PBXFileReference; lastKnownFileType = folder.assetcatalog; path = "Preview Assets.xcassets"; sourceTree = "<group>"; };
		A46010642660082000E95407 /* Base */ = {isa = PBXFileReference; lastKnownFileType = file.storyboard; name = Base; path = Base.lproj/LaunchScreen.storyboard; sourceTree = "<group>"; };
		A46010662660082000E95407 /* Info.plist */ = {isa = PBXFileReference; lastKnownFileType = text.plist.xml; path = Info.plist; sourceTree = "<group>"; };
		A460106F2660087300E95407 /* AddToDoView.swift */ = {isa = PBXFileReference; lastKnownFileType = sourcecode.swift; path = AddToDoView.swift; sourceTree = "<group>"; };
		A4A2CB162662A380000E1D11 /* Pink Light.png */ = {isa = PBXFileReference; lastKnownFileType = image.png; path = "Pink Light.png"; sourceTree = "<group>"; };
		A4A2CB172662A380000E1D11 /* Pink Dark.png */ = {isa = PBXFileReference; lastKnownFileType = image.png; path = "Pink Dark.png"; sourceTree = "<group>"; };
		A4A2CB182662A380000E1D11 /* Green Dark.png */ = {isa = PBXFileReference; lastKnownFileType = image.png; path = "Green Dark.png"; sourceTree = "<group>"; };
		A4A2CB192662A381000E1D11 /* Pink.png */ = {isa = PBXFileReference; lastKnownFileType = image.png; path = Pink.png; sourceTree = "<group>"; };
		A4A2CB1A2662A381000E1D11 /* Blue Light.png */ = {isa = PBXFileReference; lastKnownFileType = image.png; path = "Blue Light.png"; sourceTree = "<group>"; };
		A4A2CB1B2662A381000E1D11 /* Blue.png */ = {isa = PBXFileReference; lastKnownFileType = image.png; path = Blue.png; sourceTree = "<group>"; };
		A4A2CB1C2662A381000E1D11 /* Green Light.png */ = {isa = PBXFileReference; lastKnownFileType = image.png; path = "Green Light.png"; sourceTree = "<group>"; };
		A4A2CB1D2662A381000E1D11 /* Green.png */ = {isa = PBXFileReference; lastKnownFileType = image.png; path = Green.png; sourceTree = "<group>"; };
		A4A2CB1E2662A381000E1D11 /* Blue Dark.png */ = {isa = PBXFileReference; lastKnownFileType = image.png; path = "Blue Dark.png"; sourceTree = "<group>"; };
		A4A2CB2B2662D943000E1D11 /* ThemeModel.swift */ = {isa = PBXFileReference; lastKnownFileType = sourcecode.swift; path = ThemeModel.swift; sourceTree = "<group>"; };
		A4A2CB2F2662D9BB000E1D11 /* ThemeData.swift */ = {isa = PBXFileReference; lastKnownFileType = sourcecode.swift; path = ThemeData.swift; sourceTree = "<group>"; };
		A4A2CB322662DA5D000E1D11 /* ThemeSettings.swift */ = {isa = PBXFileReference; lastKnownFileType = sourcecode.swift; path = ThemeSettings.swift; sourceTree = "<group>"; };
		A4D40CFC26619F650063F36B /* EmptyListView.swift */ = {isa = PBXFileReference; lastKnownFileType = sourcecode.swift; path = EmptyListView.swift; sourceTree = "<group>"; };
		A4D40CFF2661B0620063F36B /* SettingsView.swift */ = {isa = PBXFileReference; lastKnownFileType = sourcecode.swift; path = SettingsView.swift; sourceTree = "<group>"; };
		A4D40D022661B3D50063F36B /* FormRowStaticView.swift */ = {isa = PBXFileReference; lastKnownFileType = sourcecode.swift; path = FormRowStaticView.swift; sourceTree = "<group>"; };
		A4D40D052661B90B0063F36B /* FormRowLinkView.swift */ = {isa = PBXFileReference; lastKnownFileType = sourcecode.swift; path = FormRowLinkView.swift; sourceTree = "<group>"; };
/* End PBXFileReference section */

/* Begin PBXFrameworksBuildPhase section */
		A460104F2660081C00E95407 /* Frameworks */ = {
			isa = PBXFrameworksBuildPhase;
			buildActionMask = 2147483647;
			files = (
			);
			runOnlyForDeploymentPostprocessing = 0;
		};
/* End PBXFrameworksBuildPhase section */

/* Begin PBXGroup section */
		A46010492660081B00E95407 = {
			isa = PBXGroup;
			children = (
				A46010542660081C00E95407 /* Todo App */,
				A46010532660081C00E95407 /* Products */,
			);
			sourceTree = "<group>";
		};
		A46010532660081C00E95407 /* Products */ = {
			isa = PBXGroup;
			children = (
				A46010522660081C00E95407 /* Todo App.app */,
			);
			name = Products;
			sourceTree = "<group>";
		};
		A46010542660081C00E95407 /* Todo App */ = {
			isa = PBXGroup;
			children = (
				A4A2CB2A2662D929000E1D11 /* Theme */,
				A4A2CB142662A30A000E1D11 /* Icons */,
				A460106D2660085400E95407 /* View */,
				A46010552660081C00E95407 /* AppDelegate.swift */,
				A46010572660081C00E95407 /* SceneDelegate.swift */,
				A460105E2660082000E95407 /* Assets.xcassets */,
				A46010632660082000E95407 /* LaunchScreen.storyboard */,
				A46010662660082000E95407 /* Info.plist */,
				A460105B2660081C00E95407 /* Todo_App.xcdatamodeld */,
				A46010602660082000E95407 /* Preview Content */,
			);
			path = "Todo App";
			sourceTree = "<group>";
		};
		A46010602660082000E95407 /* Preview Content */ = {
			isa = PBXGroup;
			children = (
				A46010612660082000E95407 /* Preview Assets.xcassets */,
			);
			path = "Preview Content";
			sourceTree = "<group>";
		};
		A460106D2660085400E95407 /* View */ = {
			isa = PBXGroup;
			children = (
				A46010592660081C00E95407 /* ContentView.swift */,
				A460106F2660087300E95407 /* AddToDoView.swift */,
				A4D40CFC26619F650063F36B /* EmptyListView.swift */,
				A4D40CFF2661B0620063F36B /* SettingsView.swift */,
				A4D40D022661B3D50063F36B /* FormRowStaticView.swift */,
				A4D40D052661B90B0063F36B /* FormRowLinkView.swift */,
			);
			path = View;
			sourceTree = "<group>";
		};
		A4A2CB142662A30A000E1D11 /* Icons */ = {
			isa = PBXGroup;
			children = (
				A4A2CB1E2662A381000E1D11 /* Blue Dark.png */,
				A4A2CB1A2662A381000E1D11 /* Blue Light.png */,
				A4A2CB1B2662A381000E1D11 /* Blue.png */,
				A4A2CB182662A380000E1D11 /* Green Dark.png */,
				A4A2CB1C2662A381000E1D11 /* Green Light.png */,
				A4A2CB1D2662A381000E1D11 /* Green.png */,
				A4A2CB172662A380000E1D11 /* Pink Dark.png */,
				A4A2CB162662A380000E1D11 /* Pink Light.png */,
				A4A2CB192662A381000E1D11 /* Pink.png */,
			);
			path = Icons;
			sourceTree = "<group>";
		};
		A4A2CB2A2662D929000E1D11 /* Theme */ = {
			isa = PBXGroup;
			children = (
				A4A2CB2B2662D943000E1D11 /* ThemeModel.swift */,
				A4A2CB2F2662D9BB000E1D11 /* ThemeData.swift */,
				A4A2CB322662DA5D000E1D11 /* ThemeSettings.swift */,
			);
			path = Theme;
			sourceTree = "<group>";
		};
/* End PBXGroup section */

/* Begin PBXNativeTarget section */
		A46010512660081C00E95407 /* Todo App */ = {
			isa = PBXNativeTarget;
			buildConfigurationList = A46010692660082000E95407 /* Build configuration list for PBXNativeTarget "Todo App" */;
			buildPhases = (
				A460104E2660081C00E95407 /* Sources */,
				A460104F2660081C00E95407 /* Frameworks */,
				A46010502660081C00E95407 /* Resources */,
			);
			buildRules = (
			);
			dependencies = (
			);
			name = "Todo App";
			productName = "Todo App";
			productReference = A46010522660081C00E95407 /* Todo App.app */;
			productType = "com.apple.product-type.application";
		};
/* End PBXNativeTarget section */

/* Begin PBXProject section */
		A460104A2660081B00E95407 /* Project object */ = {
			isa = PBXProject;
			attributes = {
				LastSwiftUpdateCheck = 1240;
				LastUpgradeCheck = 1240;
				TargetAttributes = {
					A46010512660081C00E95407 = {
						CreatedOnToolsVersion = 12.4;
					};
				};
			};
			buildConfigurationList = A460104D2660081B00E95407 /* Build configuration list for PBXProject "Todo App" */;
			compatibilityVersion = "Xcode 9.3";
			developmentRegion = en;
			hasScannedForEncodings = 0;
			knownRegions = (
				en,
				Base,
			);
			mainGroup = A46010492660081B00E95407;
			productRefGroup = A46010532660081C00E95407 /* Products */;
			projectDirPath = "";
			projectRoot = "";
			targets = (
				A46010512660081C00E95407 /* Todo App */,
			);
		};
/* End PBXProject section */

/* Begin PBXResourcesBuildPhase section */
		A46010502660081C00E95407 /* Resources */ = {
			isa = PBXResourcesBuildPhase;
			buildActionMask = 2147483647;
			files = (
				A4A2CB242662A381000E1D11 /* Blue.png in Resources */,
				A4A2CB212662A381000E1D11 /* Green Dark.png in Resources */,
				A4A2CB232662A381000E1D11 /* Blue Light.png in Resources */,
				A4A2CB262662A381000E1D11 /* Green.png in Resources */,
				A46010652660082000E95407 /* LaunchScreen.storyboard in Resources */,
				A46010622660082000E95407 /* Preview Assets.xcassets in Resources */,
				A4A2CB272662A381000E1D11 /* Blue Dark.png in Resources */,
				A460105F2660082000E95407 /* Assets.xcassets in Resources */,
				A4A2CB1F2662A381000E1D11 /* Pink Light.png in Resources */,
				A4A2CB202662A381000E1D11 /* Pink Dark.png in Resources */,
				A4A2CB222662A381000E1D11 /* Pink.png in Resources */,
				A4A2CB252662A381000E1D11 /* Green Light.png in Resources */,
			);
			runOnlyForDeploymentPostprocessing = 0;
		};
/* End PBXResourcesBuildPhase section */

/* Begin PBXSourcesBuildPhase section */
		A460104E2660081C00E95407 /* Sources */ = {
			isa = PBXSourcesBuildPhase;
			buildActionMask = 2147483647;
			files = (
				A4D40D002661B0620063F36B /* SettingsView.swift in Sources */,
				A4D40D032661B3D50063F36B /* FormRowStaticView.swift in Sources */,
				A4D40D062661B90B0063F36B /* FormRowLinkView.swift in Sources */,
				A4A2CB302662D9BB000E1D11 /* ThemeData.swift in Sources */,
				A46010562660081C00E95407 /* AppDelegate.swift in Sources */,
				A46010702660087300E95407 /* AddToDoView.swift in Sources */,
				A4A2CB332662DA5D000E1D11 /* ThemeSettings.swift in Sources */,
				A4D40CFD26619F650063F36B /* EmptyListView.swift in Sources */,
				A46010582660081C00E95407 /* SceneDelegate.swift in Sources */,
				A4A2CB2C2662D943000E1D11 /* ThemeModel.swift in Sources */,
				A460105A2660081C00E95407 /* ContentView.swift in Sources */,
				A460105D2660081C00E95407 /* Todo_App.xcdatamodeld in Sources */,
			);
			runOnlyForDeploymentPostprocessing = 0;
		};
/* End PBXSourcesBuildPhase section */

/* Begin PBXVariantGroup section */
		A46010632660082000E95407 /* LaunchScreen.storyboard */ = {
			isa = PBXVariantGroup;
			children = (
				A46010642660082000E95407 /* Base */,
			);
			name = LaunchScreen.storyboard;
			sourceTree = "<group>";
		};
/* End PBXVariantGroup section */

/* Begin XCBuildConfiguration section */
		A46010672660082000E95407 /* Debug */ = {
			isa = XCBuildConfiguration;
			buildSettings = {
				ALWAYS_SEARCH_USER_PATHS = NO;
				CLANG_ANALYZER_NONNULL = YES;
				CLANG_ANALYZER_NUMBER_OBJECT_CONVERSION = YES_AGGRESSIVE;
				CLANG_CXX_LANGUAGE_STANDARD = "gnu++14";
				CLANG_CXX_LIBRARY = "libc++";
				CLANG_ENABLE_MODULES = YES;
				CLANG_ENABLE_OBJC_ARC = YES;
				CLANG_ENABLE_OBJC_WEAK = YES;
				CLANG_WARN_BLOCK_CAPTURE_AUTORELEASING = YES;
				CLANG_WARN_BOOL_CONVERSION = YES;
				CLANG_WARN_COMMA = YES;
				CLANG_WARN_CONSTANT_CONVERSION = YES;
				CLANG_WARN_DEPRECATED_OBJC_IMPLEMENTATIONS = YES;
				CLANG_WARN_DIRECT_OBJC_ISA_USAGE = YES_ERROR;
				CLANG_WARN_DOCUMENTATION_COMMENTS = YES;
				CLANG_WARN_EMPTY_BODY = YES;
				CLANG_WARN_ENUM_CONVERSION = YES;
				CLANG_WARN_INFINITE_RECURSION = YES;
				CLANG_WARN_INT_CONVERSION = YES;
				CLANG_WARN_NON_LITERAL_NULL_CONVERSION = YES;
				CLANG_WARN_OBJC_IMPLICIT_RETAIN_SELF = YES;
				CLANG_WARN_OBJC_LITERAL_CONVERSION = YES;
				CLANG_WARN_OBJC_ROOT_CLASS = YES_ERROR;
				CLANG_WARN_QUOTED_INCLUDE_IN_FRAMEWORK_HEADER = YES;
				CLANG_WARN_RANGE_LOOP_ANALYSIS = YES;
				CLANG_WARN_STRICT_PROTOTYPES = YES;
				CLANG_WARN_SUSPICIOUS_MOVE = YES;
				CLANG_WARN_UNGUARDED_AVAILABILITY = YES_AGGRESSIVE;
				CLANG_WARN_UNREACHABLE_CODE = YES;
				CLANG_WARN__DUPLICATE_METHOD_MATCH = YES;
				COPY_PHASE_STRIP = NO;
				DEBUG_INFORMATION_FORMAT = dwarf;
				ENABLE_STRICT_OBJC_MSGSEND = YES;
				ENABLE_TESTABILITY = YES;
				GCC_C_LANGUAGE_STANDARD = gnu11;
				GCC_DYNAMIC_NO_PIC = NO;
				GCC_NO_COMMON_BLOCKS = YES;
				GCC_OPTIMIZATION_LEVEL = 0;
				GCC_PREPROCESSOR_DEFINITIONS = (
					"DEBUG=1",
					"$(inherited)",
				);
				GCC_WARN_64_TO_32_BIT_CONVERSION = YES;
				GCC_WARN_ABOUT_RETURN_TYPE = YES_ERROR;
				GCC_WARN_UNDECLARED_SELECTOR = YES;
				GCC_WARN_UNINITIALIZED_AUTOS = YES_AGGRESSIVE;
				GCC_WARN_UNUSED_FUNCTION = YES;
				GCC_WARN_UNUSED_VARIABLE = YES;
				IPHONEOS_DEPLOYMENT_TARGET = 14.4;
				MTL_ENABLE_DEBUG_INFO = INCLUDE_SOURCE;
				MTL_FAST_MATH = YES;
				ONLY_ACTIVE_ARCH = YES;
				SDKROOT = iphoneos;
				SWIFT_ACTIVE_COMPILATION_CONDITIONS = DEBUG;
				SWIFT_OPTIMIZATION_LEVEL = "-Onone";
			};
			name = Debug;
		};
		A46010682660082000E95407 /* Release */ = {
			isa = XCBuildConfiguration;
			buildSettings = {
				ALWAYS_SEARCH_USER_PATHS = NO;
				CLANG_ANALYZER_NONNULL = YES;
				CLANG_ANALYZER_NUMBER_OBJECT_CONVERSION = YES_AGGRESSIVE;
				CLANG_CXX_LANGUAGE_STANDARD = "gnu++14";
				CLANG_CXX_LIBRARY = "libc++";
				CLANG_ENABLE_MODULES = YES;
				CLANG_ENABLE_OBJC_ARC = YES;
				CLANG_ENABLE_OBJC_WEAK = YES;
				CLANG_WARN_BLOCK_CAPTURE_AUTORELEASING = YES;
				CLANG_WARN_BOOL_CONVERSION = YES;
				CLANG_WARN_COMMA = YES;
				CLANG_WARN_CONSTANT_CONVERSION = YES;
				CLANG_WARN_DEPRECATED_OBJC_IMPLEMENTATIONS = YES;
				CLANG_WARN_DIRECT_OBJC_ISA_USAGE = YES_ERROR;
				CLANG_WARN_DOCUMENTATION_COMMENTS = YES;
				CLANG_WARN_EMPTY_BODY = YES;
				CLANG_WARN_ENUM_CONVERSION = YES;
				CLANG_WARN_INFINITE_RECURSION = YES;
				CLANG_WARN_INT_CONVERSION = YES;
				CLANG_WARN_NON_LITERAL_NULL_CONVERSION = YES;
				CLANG_WARN_OBJC_IMPLICIT_RETAIN_SELF = YES;
				CLANG_WARN_OBJC_LITERAL_CONVERSION = YES;
				CLANG_WARN_OBJC_ROOT_CLASS = YES_ERROR;
				CLANG_WARN_QUOTED_INCLUDE_IN_FRAMEWORK_HEADER = YES;
				CLANG_WARN_RANGE_LOOP_ANALYSIS = YES;
				CLANG_WARN_STRICT_PROTOTYPES = YES;
				CLANG_WARN_SUSPICIOUS_MOVE = YES;
				CLANG_WARN_UNGUARDED_AVAILABILITY = YES_AGGRESSIVE;
				CLANG_WARN_UNREACHABLE_CODE = YES;
				CLANG_WARN__DUPLICATE_METHOD_MATCH = YES;
				COPY_PHASE_STRIP = NO;
				DEBUG_INFORMATION_FORMAT = "dwarf-with-dsym";
				ENABLE_NS_ASSERTIONS = NO;
				ENABLE_STRICT_OBJC_MSGSEND = YES;
				GCC_C_LANGUAGE_STANDARD = gnu11;
				GCC_NO_COMMON_BLOCKS = YES;
				GCC_WARN_64_TO_32_BIT_CONVERSION = YES;
				GCC_WARN_ABOUT_RETURN_TYPE = YES_ERROR;
				GCC_WARN_UNDECLARED_SELECTOR = YES;
				GCC_WARN_UNINITIALIZED_AUTOS = YES_AGGRESSIVE;
				GCC_WARN_UNUSED_FUNCTION = YES;
				GCC_WARN_UNUSED_VARIABLE = YES;
				IPHONEOS_DEPLOYMENT_TARGET = 14.4;
				MTL_ENABLE_DEBUG_INFO = NO;
				MTL_FAST_MATH = YES;
				SDKROOT = iphoneos;
				SWIFT_COMPILATION_MODE = wholemodule;
				SWIFT_OPTIMIZATION_LEVEL = "-O";
				VALIDATE_PRODUCT = YES;
			};
			name = Release;
		};
		A460106A2660082000E95407 /* Debug */ = {
			isa = XCBuildConfiguration;
			buildSettings = {
				ASSETCATALOG_COMPILER_APPICON_NAME = AppIcon;
				ASSETCATALOG_COMPILER_GLOBAL_ACCENT_COLOR_NAME = AccentColor;
				CODE_SIGN_STYLE = Automatic;
				DEVELOPMENT_ASSET_PATHS = "\"Todo App/Preview Content\"";
				DEVELOPMENT_TEAM = DG325NLY4F;
				ENABLE_PREVIEWS = YES;
				INFOPLIST_FILE = "Todo App/Info.plist";
				LD_RUNPATH_SEARCH_PATHS = (
					"$(inherited)",
					"@executable_path/Frameworks",
				);
				PRODUCT_BUNDLE_IDENTIFIER = "evgeniiL.Todo-App";
				PRODUCT_NAME = "$(TARGET_NAME)";
				SWIFT_VERSION = 5.0;
				TARGETED_DEVICE_FAMILY = "1,2";
			};
			name = Debug;
		};
		A460106B2660082000E95407 /* Release */ = {
			isa = XCBuildConfiguration;
			buildSettings = {
				ASSETCATALOG_COMPILER_APPICON_NAME = AppIcon;
				ASSETCATALOG_COMPILER_GLOBAL_ACCENT_COLOR_NAME = AccentColor;
				CODE_SIGN_STYLE = Automatic;
				DEVELOPMENT_ASSET_PATHS = "\"Todo App/Preview Content\"";
				DEVELOPMENT_TEAM = DG325NLY4F;
				ENABLE_PREVIEWS = YES;
				INFOPLIST_FILE = "Todo App/Info.plist";
				LD_RUNPATH_SEARCH_PATHS = (
					"$(inherited)",
					"@executable_path/Frameworks",
				);
				PRODUCT_BUNDLE_IDENTIFIER = "evgeniiL.Todo-App";
				PRODUCT_NAME = "$(TARGET_NAME)";
				SWIFT_VERSION = 5.0;
				TARGETED_DEVICE_FAMILY = "1,2";
			};
			name = Release;
		};
/* End XCBuildConfiguration section */

/* Begin XCConfigurationList section */
		A460104D2660081B00E95407 /* Build configuration list for PBXProject "Todo App" */ = {
			isa = XCConfigurationList;
			buildConfigurations = (
				A46010672660082000E95407 /* Debug */,
				A46010682660082000E95407 /* Release */,
			);
			defaultConfigurationIsVisible = 0;
			defaultConfigurationName = Release;
		};
		A46010692660082000E95407 /* Build configuration list for PBXNativeTarget "Todo App" */ = {
			isa = XCConfigurationList;
			buildConfigurations = (
				A460106A2660082000E95407 /* Debug */,
				A460106B2660082000E95407 /* Release */,
			);
			defaultConfigurationIsVisible = 0;
			defaultConfigurationName = Release;
		};
/* End XCConfigurationList section */

/* Begin XCVersionGroup section */
		A460105B2660081C00E95407 /* Todo_App.xcdatamodeld */ = {
			isa = XCVersionGroup;
			children = (
				A460105C2660081C00E95407 /* Todo_App.xcdatamodel */,
			);
			currentVersion = A460105C2660081C00E95407 /* Todo_App.xcdatamodel */;
			path = Todo_App.xcdatamodeld;
			sourceTree = "<group>";
			versionGroupType = wrapper.xcdatamodel;
		};
/* End XCVersionGroup section */
	};
	rootObject = A460104A2660081B00E95407 /* Project object */;
}
